
Microsoft Visual Studio Solution File, Format Version 12.00
# Visual Studio 15
VisualStudioVersion = 15.0.27703.2035
MinimumVisualStudioVersion = 10.0.40219.1
Project("{FAE04EC0-301F-11D3-BF4B-00C04F79EFBC}") = "DeploymentTest", "DeploymentTest\DeploymentTest.csproj", "{233D312B-1C9C-4FC0-9C7A-96717A3D5E32}"
EndProject
Global
	GlobalSection(SolutionConfigurationPlatforms) = preSolution
		Debug|Any CPU = Debug|Any CPU
		Release|Any CPU = Release|Any CPU
	EndGlobalSection
	GlobalSection(ProjectConfigurationPlatforms) = postSolution
		{233D312B-1C9C-4FC0-9C7A-96717A3D5E32}.Debug|Any CPU.ActiveCfg = Debug|Any CPU
		{233D312B-1C9C-4FC0-9C7A-96717A3D5E32}.Debug|Any CPU.Build.0 = Debug|Any CPU
		{233D312B-1C9C-4FC0-9C7A-96717A3D5E32}.Release|Any CPU.ActiveCfg = Release|Any CPU
		{233D312B-1C9C-4FC0-9C7A-96717A3D5E32}.Release|Any CPU.Build.0 = Release|Any CPU
	EndGlobalSection
	GlobalSection(SolutionProperties) = preSolution
		HideSolutionNode = FALSE
	EndGlobalSection
	GlobalSection(ExtensibilityGlobals) = postSolution
		SolutionGuid = {6C174541-047E-4501-85E5-EE334E15F3F1}
	EndGlobalSection
EndGlobal
